
Microsoft Visual Studio Solution File, Format Version 12.00
# Visual Studio Version 17
VisualStudioVersion = 17.3.32901.215
MinimumVisualStudioVersion = 10.0.40219.1
Project("{FAE04EC0-301F-11D3-BF4B-00C04F79EFBC}") = "Catalog", "Catalog\Catalog.csproj", "{F02003B6-8727-4876-A586-76B7833D12EF}"
EndProject
Global
	GlobalSection(SolutionConfigurationPlatforms) = preSolution
		Debug|Any CPU = Debug|Any CPU
		Release|Any CPU = Release|Any CPU
	EndGlobalSection
	GlobalSection(ProjectConfigurationPlatforms) = postSolution
		{F02003B6-8727-4876-A586-76B7833D12EF}.Debug|Any CPU.ActiveCfg = Debug|Any CPU
		{F02003B6-8727-4876-A586-76B7833D12EF}.Debug|Any CPU.Build.0 = Debug|Any CPU
		{F02003B6-8727-4876-A586-76B7833D12EF}.Release|Any CPU.ActiveCfg = Release|Any CPU
		{F02003B6-8727-4876-A586-76B7833D12EF}.Release|Any CPU.Build.0 = Release|Any CPU
	EndGlobalSection
	GlobalSection(SolutionProperties) = preSolution
		HideSolutionNode = FALSE
	EndGlobalSection
	GlobalSection(ExtensibilityGlobals) = postSolution
		SolutionGuid = {CEEA7F61-8F41-4D98-9134-EC91E1FB357F}
	EndGlobalSection
EndGlobal
